PODS:
  - Flutter (1.0.0)
  - flutter_tts (0.0.1):
    - Flutter

DEPENDENCIES:
  - Flutter (from `Pods/.symlinks/flutter/ios`)
  - flutter_tts (from `Pods/.symlinks/plugins/flutter_tts/ios`)

EXTERNAL SOURCES:
  Flutter:
    :path: Pods/.symlinks/flutter/ios
  flutter_tts:
    :path: Pods/.symlinks/plugins/flutter_tts/ios

SPEC CHECKSUMS:
  Flutter: 9d0fac939486c9aba2809b7982dfdbb47a7b0296
  flutter_tts: 4def7c38af4c2eb5d68ac2dd86096f9c1693d45c

PODFILE CHECKSUM: ea0518673586564c605fb6593d385c0e3708ff8d

COCOAPODS: 1.5.0
